
Microsoft Visual Studio Solution File, Format Version 12.00
# Visual Studio Version 17
VisualStudioVersion = 17.13.35818.85 d17.13
MinimumVisualStudioVersion = 10.0.40219.1
Project("{FAE04EC0-301F-11D3-BF4B-00C04F79EFBC}") = "oop_session1_asssignment", "oop_session1_asssignment\oop_session1_asssignment.csproj", "{6B32B497-E79D-4B17-8953-62A7B15D0F55}"
EndProject
Global
	GlobalSection(SolutionConfigurationPlatforms) = preSolution
		Debug|Any CPU = Debug|Any CPU
		Release|Any CPU = Release|Any CPU
	EndGlobalSection
	GlobalSection(ProjectConfigurationPlatforms) = postSolution
		{6B32B497-E79D-4B17-8953-62A7B15D0F55}.Debug|Any CPU.ActiveCfg = Debug|Any CPU
		{6B32B497-E79D-4B17-8953-62A7B15D0F55}.Debug|Any CPU.Build.0 = Debug|Any CPU
		{6B32B497-E79D-4B17-8953-62A7B15D0F55}.Release|Any CPU.ActiveCfg = Release|Any CPU
		{6B32B497-E79D-4B17-8953-62A7B15D0F55}.Release|Any CPU.Build.0 = Release|Any CPU
	EndGlobalSection
	GlobalSection(SolutionProperties) = preSolution
		HideSolutionNode = FALSE
	EndGlobalSection
	GlobalSection(ExtensibilityGlobals) = postSolution
		SolutionGuid = {32DF7E56-D888-41A7-868E-0F9ECBC72BD0}
	EndGlobalSection
EndGlobal
